
Microsoft Visual Studio Solution File, Format Version 11.00
# Visual Studio 2010
Project("{FAE04EC0-301F-11D3-BF4B-00C04F79EFBC}") = "prj_SchoON", "prj_SchoON\prj_SchoON.csproj", "{CE7B96DF-A722-41D9-A78D-A352754A0302}"
EndProject
Global
	GlobalSection(SolutionConfigurationPlatforms) = preSolution
		Debug|Any CPU = Debug|Any CPU
		Release|Any CPU = Release|Any CPU
	EndGlobalSection
	GlobalSection(ProjectConfigurationPlatforms) = postSolution
		{CE7B96DF-A722-41D9-A78D-A352754A0302}.Debug|Any CPU.ActiveCfg = Debug|Any CPU
		{CE7B96DF-A722-41D9-A78D-A352754A0302}.Debug|Any CPU.Build.0 = Debug|Any CPU
		{CE7B96DF-A722-41D9-A78D-A352754A0302}.Release|Any CPU.ActiveCfg = Release|Any CPU
		{CE7B96DF-A722-41D9-A78D-A352754A0302}.Release|Any CPU.Build.0 = Release|Any CPU
	EndGlobalSection
	GlobalSection(SolutionProperties) = preSolution
		HideSolutionNode = FALSE
	EndGlobalSection
EndGlobal
