
Microsoft Visual Studio Solution File, Format Version 11.00
# Visual Studio 2010
Project("{FAE04EC0-301F-11D3-BF4B-00C04F79EFBC}") = "prj_schoon_pais", "prj_schoon_pais\prj_schoon_pais.csproj", "{331145C8-71B6-493B-A441-1FD365261DE1}"
EndProject
Global
	GlobalSection(SolutionConfigurationPlatforms) = preSolution
		Debug|Any CPU = Debug|Any CPU
		Release|Any CPU = Release|Any CPU
	EndGlobalSection
	GlobalSection(ProjectConfigurationPlatforms) = postSolution
		{331145C8-71B6-493B-A441-1FD365261DE1}.Debug|Any CPU.ActiveCfg = Debug|Any CPU
		{331145C8-71B6-493B-A441-1FD365261DE1}.Debug|Any CPU.Build.0 = Debug|Any CPU
		{331145C8-71B6-493B-A441-1FD365261DE1}.Release|Any CPU.ActiveCfg = Release|Any CPU
		{331145C8-71B6-493B-A441-1FD365261DE1}.Release|Any CPU.Build.0 = Release|Any CPU
	EndGlobalSection
	GlobalSection(SolutionProperties) = preSolution
		HideSolutionNode = FALSE
	EndGlobalSection
EndGlobal
